
Microsoft Visual Studio Solution File, Format Version 12.00
# Visual Studio Version 16
VisualStudioVersion = 16.0.31005.135
MinimumVisualStudioVersion = 10.0.40219.1
Project("{FAE04EC0-301F-11D3-BF4B-00C04F79EFBC}") = "Restaurents", "Restaurents\Restaurents.csproj", "{319E19F5-1F02-481B-B3CA-0D354BAD07CC}"
EndProject
Global
	GlobalSection(SolutionConfigurationPlatforms) = preSolution
		Debug|Any CPU = Debug|Any CPU
		Release|Any CPU = Release|Any CPU
	EndGlobalSection
	GlobalSection(ProjectConfigurationPlatforms) = postSolution
		{319E19F5-1F02-481B-B3CA-0D354BAD07CC}.Debug|Any CPU.ActiveCfg = Debug|Any CPU
		{319E19F5-1F02-481B-B3CA-0D354BAD07CC}.Debug|Any CPU.Build.0 = Debug|Any CPU
		{319E19F5-1F02-481B-B3CA-0D354BAD07CC}.Release|Any CPU.ActiveCfg = Release|Any CPU
		{319E19F5-1F02-481B-B3CA-0D354BAD07CC}.Release|Any CPU.Build.0 = Release|Any CPU
	EndGlobalSection
	GlobalSection(SolutionProperties) = preSolution
		HideSolutionNode = FALSE
	EndGlobalSection
	GlobalSection(ExtensibilityGlobals) = postSolution
		SolutionGuid = {8BCFD469-97A5-4F47-96E0-8C8F29E4AD59}
	EndGlobalSection
EndGlobal
